// !$*UTF8*$!
{
	archiveVersion = 1;
	classes = {
	};
	objectVersion = 46;
	objects = {

/* Begin PBXBuildFile section */
		595A7BE11F55E4D7007B7AB8 /* AppDelegate.swift in Sources */ = {isa = PBXBuildFile; fileRef = 595A7BE01F55E4D7007B7AB8 /* AppDelegate.swift */; };
		595A7BE31F55E4D7007B7AB8 /* ViewController.swift in Sources */ = {isa = PBXBuildFile; fileRef = 595A7BE21F55E4D7007B7AB8 /* ViewController.swift */; };
		595A7BE61F55E4D7007B7AB8 /* Main.storyboard in Resources */ = {isa = PBXBuildFile; fileRef = 595A7BE41F55E4D7007B7AB8 /* Main.storyboard */; };
		595A7BE81F55E4D7007B7AB8 /* Assets.xcassets in Resources */ = {isa = PBXBuildFile; fileRef = 595A7BE71F55E4D7007B7AB8 /* Assets.xcassets */; };
		595A7BEB1F55E4D7007B7AB8 /* LaunchScreen.storyboard in Resources */ = {isa = PBXBuildFile; fileRef = 595A7BE91F55E4D7007B7AB8 /* LaunchScreen.storyboard */; };
		595A7BF61F55E4D8007B7AB8 /* StretchMyHeaderTests.swift in Sources */ = {isa = PBXBuildFile; fileRef = 595A7BF51F55E4D8007B7AB8 /* StretchMyHeaderTests.swift */; };
/* End PBXBuildFile section */

/* Begin PBXContainerItemProxy section */
		595A7BF21F55E4D8007B7AB8 /* PBXContainerItemProxy */ = {
			isa = PBXContainerItemProxy;
			containerPortal = 595A7BD51F55E4D7007B7AB8 /* Project object */;
			proxyType = 1;
			remoteGlobalIDString = 595A7BDC1F55E4D7007B7AB8;
			remoteInfo = StretchMyHeader;
		};
/* End PBXContainerItemProxy section */

/* Begin PBXFileReference section */
		595A7BDD1F55E4D7007B7AB8 /* StretchMyHeader.app */ = {isa = PBXFileReference; explicitFileType = wrapper.application; includeInIndex = 0; path = StretchMyHeader.app; sourceTree = BUILT_PRODUCTS_DIR; };
		595A7BE01F55E4D7007B7AB8 /* AppDelegate.swift */ = {isa = PBXFileReference; lastKnownFileType = sourcecode.swift; path = AppDelegate.swift; sourceTree = "<group>"; };
		595A7BE21F55E4D7007B7AB8 /* ViewController.swift */ = {isa = PBXFileReference; lastKnownFileType = sourcecode.swift; path = ViewController.swift; sourceTree = "<group>"; };
		595A7BE51F55E4D7007B7AB8 /* Base */ = {isa = PBXFileReference; lastKnownFileType = file.storyboard; name = Base; path = Base.lproj/Main.storyboard; sourceTree = "<group>"; };
		595A7BE71F55E4D7007B7AB8 /* Assets.xcassets */ = {isa = PBXFileReference; lastKnownFileType = folder.assetcatalog; path = Assets.xcassets; sourceTree = "<group>"; };
		595A7BEA1F55E4D7007B7AB8 /* Base */ = {isa = PBXFileReference; lastKnownFileType = file.storyboard; name = Base; path = Base.lproj/LaunchScreen.storyboard; sourceTree = "<group>"; };
		595A7BEC1F55E4D7007B7AB8 /* Info.plist */ = {isa = PBXFileReference; lastKnownFileType = text.plist.xml; path = Info.plist; sourceTree = "<group>"; };
		595A7BF11F55E4D8007B7AB8 /* StretchMyHeaderTests.xctest */ = {isa = PBXFileReference; explicitFileType = wrapper.cfbundle; includeInIndex = 0; path = StretchMyHeaderTests.xctest; sourceTree = BUILT_PRODUCTS_DIR; };
		595A7BF51F55E4D8007B7AB8 /* StretchMyHeaderTests.swift */ = {isa = PBXFileReference; lastKnownFileType = sourcecode.swift; path = StretchMyHeaderTests.swift; sourceTree = "<group>"; };
		595A7BF71F55E4D8007B7AB8 /* Info.plist */ = {isa = PBXFileReference; lastKnownFileType = text.plist.xml; path = Info.plist; sourceTree = "<group>"; };
/* End PBXFileReference section */

/* Begin PBXFrameworksBuildPhase section */
		595A7BDA1F55E4D7007B7AB8 /* Frameworks */ = {
			isa = PBXFrameworksBuildPhase;
			buildActionMask = 2147483647;
			files = (
			);
			runOnlyForDeploymentPostprocessing = 0;
		};
		595A7BEE1F55E4D8007B7AB8 /* Frameworks */ = {
			isa = PBXFrameworksBuildPhase;
			buildActionMask = 2147483647;
			files = (
			);
			runOnlyForDeploymentPostprocessing = 0;
		};
/* End PBXFrameworksBuildPhase section */

/* Begin PBXGroup section */
		595A7BD41F55E4D7007B7AB8 = {
			isa = PBXGroup;
			children = (
				595A7BDF1F55E4D7007B7AB8 /* StretchMyHeader */,
				595A7BF41F55E4D8007B7AB8 /* StretchMyHeaderTests */,
				595A7BDE1F55E4D7007B7AB8 /* Products */,
			);
			sourceTree = "<group>";
		};
		595A7BDE1F55E4D7007B7AB8 /* Products */ = {
			isa = PBXGroup;
			children = (
				595A7BDD1F55E4D7007B7AB8 /* StretchMyHeader.app */,
				595A7BF11F55E4D8007B7AB8 /* StretchMyHeaderTests.xctest */,
			);
			name = Products;
			sourceTree = "<group>";
		};
		595A7BDF1F55E4D7007B7AB8 /* StretchMyHeader */ = {
			isa = PBXGroup;
			children = (
				595A7BE01F55E4D7007B7AB8 /* AppDelegate.swift */,
				595A7BE21F55E4D7007B7AB8 /* ViewController.swift */,
				595A7BE41F55E4D7007B7AB8 /* Main.storyboard */,
				595A7BE71F55E4D7007B7AB8 /* Assets.xcassets */,
				595A7BE91F55E4D7007B7AB8 /* LaunchScreen.storyboard */,
				595A7BEC1F55E4D7007B7AB8 /* Info.plist */,
			);
			path = StretchMyHeader;
			sourceTree = "<group>";
		};
		595A7BF41F55E4D8007B7AB8 /* StretchMyHeaderTests */ = {
			isa = PBXGroup;
			children = (
				595A7BF51F55E4D8007B7AB8 /* StretchMyHeaderTests.swift */,
				595A7BF71F55E4D8007B7AB8 /* Info.plist */,
			);
			path = StretchMyHeaderTests;
			sourceTree = "<group>";
		};
/* End PBXGroup section */

/* Begin PBXNativeTarget section */
		595A7BDC1F55E4D7007B7AB8 /* StretchMyHeader */ = {
			isa = PBXNativeTarget;
			buildConfigurationList = 595A7BFA1F55E4D8007B7AB8 /* Build configuration list for PBXNativeTarget "StretchMyHeader" */;
			buildPhases = (
				595A7BD91F55E4D7007B7AB8 /* Sources */,
				595A7BDA1F55E4D7007B7AB8 /* Frameworks */,
				595A7BDB1F55E4D7007B7AB8 /* Resources */,
			);
			buildRules = (
			);
			dependencies = (
			);
			name = StretchMyHeader;
			productName = StretchMyHeader;
			productReference = 595A7BDD1F55E4D7007B7AB8 /* StretchMyHeader.app */;
			productType = "com.apple.product-type.application";
		};
		595A7BF01F55E4D8007B7AB8 /* StretchMyHeaderTests */ = {
			isa = PBXNativeTarget;
			buildConfigurationList = 595A7BFD1F55E4D8007B7AB8 /* Build configuration list for PBXNativeTarget "StretchMyHeaderTests" */;
			buildPhases = (
				595A7BED1F55E4D8007B7AB8 /* Sources */,
				595A7BEE1F55E4D8007B7AB8 /* Frameworks */,
				595A7BEF1F55E4D8007B7AB8 /* Resources */,
			);
			buildRules = (
			);
			dependencies = (
				595A7BF31F55E4D8007B7AB8 /* PBXTargetDependency */,
			);
			name = StretchMyHeaderTests;
			productName = StretchMyHeaderTests;
			productReference = 595A7BF11F55E4D8007B7AB8 /* StretchMyHeaderTests.xctest */;
			productType = "com.apple.product-type.bundle.unit-test";
		};
/* End PBXNativeTarget section */

/* Begin PBXProject section */
		595A7BD51F55E4D7007B7AB8 /* Project object */ = {
			isa = PBXProject;
			attributes = {
				LastSwiftUpdateCheck = 0830;
				LastUpgradeCheck = 0830;
				ORGANIZATIONNAME = "Livleen Rai";
				TargetAttributes = {
					595A7BDC1F55E4D7007B7AB8 = {
						CreatedOnToolsVersion = 8.3.3;
						ProvisioningStyle = Automatic;
					};
					595A7BF01F55E4D8007B7AB8 = {
						CreatedOnToolsVersion = 8.3.3;
						ProvisioningStyle = Automatic;
						TestTargetID = 595A7BDC1F55E4D7007B7AB8;
					};
				};
			};
			buildConfigurationList = 595A7BD81F55E4D7007B7AB8 /* Build configuration list for PBXProject "StretchMyHeader" */;
			compatibilityVersion = "Xcode 3.2";
			developmentRegion = English;
			hasScannedForEncodings = 0;
			knownRegions = (
				en,
				Base,
			);
			mainGroup = 595A7BD41F55E4D7007B7AB8;
			productRefGroup = 595A7BDE1F55E4D7007B7AB8 /* Products */;
			projectDirPath = "";
			projectRoot = "";
			targets = (
				595A7BDC1F55E4D7007B7AB8 /* StretchMyHeader */,
				595A7BF01F55E4D8007B7AB8 /* StretchMyHeaderTests */,
			);
		};
/* End PBXProject section */

/* Begin PBXResourcesBuildPhase section */
		595A7BDB1F55E4D7007B7AB8 /* Resources */ = {
			isa = PBXResourcesBuildPhase;
			buildActionMask = 2147483647;
			files = (
				595A7BEB1F55E4D7007B7AB8 /* LaunchScreen.storyboard in Resources */,
				595A7BE81F55E4D7007B7AB8 /* Assets.xcassets in Resources */,
				595A7BE61F55E4D7007B7AB8 /* Main.storyboard in Resources */,
			);
			runOnlyForDeploymentPostprocessing = 0;
		};
		595A7BEF1F55E4D8007B7AB8 /* Resources */ = {
			isa = PBXResourcesBuildPhase;
			buildActionMask = 2147483647;
			files = (
			);
			runOnlyForDeploymentPostprocessing = 0;
		};
/* End PBXResourcesBuildPhase section */

/* Begin PBXSourcesBuildPhase section */
		595A7BD91F55E4D7007B7AB8 /* Sources */ = {
			isa = PBXSourcesBuildPhase;
			buildActionMask = 2147483647;
			files = (
				595A7BE31F55E4D7007B7AB8 /* ViewController.swift in Sources */,
				595A7BE11F55E4D7007B7AB8 /* AppDelegate.swift in Sources */,
			);
			runOnlyForDeploymentPostprocessing = 0;
		};
		595A7BED1F55E4D8007B7AB8 /* Sources */ = {
			isa = PBXSourcesBuildPhase;
			buildActionMask = 2147483647;
			files = (
				595A7BF61F55E4D8007B7AB8 /* StretchMyHeaderTests.swift in Sources */,
			);
			runOnlyForDeploymentPostprocessing = 0;
		};
/* End PBXSourcesBuildPhase section */

/* Begin PBXTargetDependency section */
		595A7BF31F55E4D8007B7AB8 /* PBXTargetDependency */ = {
			isa = PBXTargetDependency;
			target = 595A7BDC1F55E4D7007B7AB8 /* StretchMyHeader */;
			targetProxy = 595A7BF21F55E4D8007B7AB8 /* PBXContainerItemProxy */;
		};
/* End PBXTargetDependency section */

/* Begin PBXVariantGroup section */
		595A7BE41F55E4D7007B7AB8 /* Main.storyboard */ = {
			isa = PBXVariantGroup;
			children = (
				595A7BE51F55E4D7007B7AB8 /* Base */,
			);
			name = Main.storyboard;
			sourceTree = "<group>";
		};
		595A7BE91F55E4D7007B7AB8 /* LaunchScreen.storyboard */ = {
			isa = PBXVariantGroup;
			children = (
				595A7BEA1F55E4D7007B7AB8 /* Base */,
			);
			name = LaunchScreen.storyboard;
			sourceTree = "<group>";
		};
/* End PBXVariantGroup section */

/* Begin XCBuildConfiguration section */
		595A7BF81F55E4D8007B7AB8 /* Debug */ = {
			isa = XCBuildConfiguration;
			buildSettings = {
				ALWAYS_SEARCH_USER_PATHS = NO;
				CLANG_ANALYZER_NONNULL = YES;
				CLANG_ANALYZER_NUMBER_OBJECT_CONVERSION = YES_AGGRESSIVE;
				CLANG_CXX_LANGUAGE_STANDARD = "gnu++0x";
				CLANG_CXX_LIBRARY = "libc++";
				CLANG_ENABLE_MODULES = YES;
				CLANG_ENABLE_OBJC_ARC = YES;
				CLANG_WARN_BOOL_CONVERSION = YES;
				CLANG_WARN_CONSTANT_CONVERSION = YES;
				CLANG_WARN_DIRECT_OBJC_ISA_USAGE = YES_ERROR;
				CLANG_WARN_DOCUMENTATION_COMMENTS = YES;
				CLANG_WARN_EMPTY_BODY = YES;
				CLANG_WARN_ENUM_CONVERSION = YES;
				CLANG_WARN_INFINITE_RECURSION = YES;
				CLANG_WARN_INT_CONVERSION = YES;
				CLANG_WARN_OBJC_ROOT_CLASS = YES_ERROR;
				CLANG_WARN_SUSPICIOUS_MOVE = YES;
				CLANG_WARN_UNREACHABLE_CODE = YES;
				CLANG_WARN__DUPLICATE_METHOD_MATCH = YES;
				"CODE_SIGN_IDENTITY[sdk=iphoneos*]" = "iPhone Developer";
				COPY_PHASE_STRIP = NO;
				DEBUG_INFORMATION_FORMAT = dwarf;
				ENABLE_STRICT_OBJC_MSGSEND = YES;
				ENABLE_TESTABILITY = YES;
				GCC_C_LANGUAGE_STANDARD = gnu99;
				GCC_DYNAMIC_NO_PIC = NO;
				GCC_NO_COMMON_BLOCKS = YES;
				GCC_OPTIMIZATION_LEVEL = 0;
				GCC_PREPROCESSOR_DEFINITIONS = (
					"DEBUG=1",
					"$(inherited)",
				);
				GCC_WARN_64_TO_32_BIT_CONVERSION = YES;
				GCC_WARN_ABOUT_RETURN_TYPE = YES_ERROR;
				GCC_WARN_UNDECLARED_SELECTOR = YES;
				GCC_WARN_UNINITIALIZED_AUTOS = YES_AGGRESSIVE;
				GCC_WARN_UNUSED_FUNCTION = YES;
				GCC_WARN_UNUSED_VARIABLE = YES;
				IPHONEOS_DEPLOYMENT_TARGET = 10.3;
				MTL_ENABLE_DEBUG_INFO = YES;
				ONLY_ACTIVE_ARCH = YES;
				SDKROOT = iphoneos;
				SWIFT_ACTIVE_COMPILATION_CONDITIONS = DEBUG;
				SWIFT_OPTIMIZATION_LEVEL = "-Onone";
			};
			name = Debug;
		};
		595A7BF91F55E4D8007B7AB8 /* Release */ = {
			isa = XCBuildConfiguration;
			buildSettings = {
				ALWAYS_SEARCH_USER_PATHS = NO;
				CLANG_ANALYZER_NONNULL = YES;
				CLANG_ANALYZER_NUMBER_OBJECT_CONVERSION = YES_AGGRESSIVE;
				CLANG_CXX_LANGUAGE_STANDARD = "gnu++0x";
				CLANG_CXX_LIBRARY = "libc++";
				CLANG_ENABLE_MODULES = YES;
				CLANG_ENABLE_OBJC_ARC = YES;
				CLANG_WARN_BOOL_CONVERSION = YES;
				CLANG_WARN_CONSTANT_CONVERSION = YES;
				CLANG_WARN_DIRECT_OBJC_ISA_USAGE = YES_ERROR;
				CLANG_WARN_DOCUMENTATION_COMMENTS = YES;
				CLANG_WARN_EMPTY_BODY = YES;
				CLANG_WARN_ENUM_CONVERSION = YES;
				CLANG_WARN_INFINITE_RECURSION = YES;
				CLANG_WARN_INT_CONVERSION = YES;
				CLANG_WARN_OBJC_ROOT_CLASS = YES_ERROR;
				CLANG_WARN_SUSPICIOUS_MOVE = YES;
				CLANG_WARN_UNREACHABLE_CODE = YES;
				CLANG_WARN__DUPLICATE_METHOD_MATCH = YES;
				"CODE_SIGN_IDENTITY[sdk=iphoneos*]" = "iPhone Developer";
				COPY_PHASE_STRIP = NO;
				DEBUG_INFORMATION_FORMAT = "dwarf-with-dsym";
				ENABLE_NS_ASSERTIONS = NO;
				ENABLE_STRICT_OBJC_MSGSEND = YES;
				GCC_C_LANGUAGE_STANDARD = gnu99;
				GCC_NO_COMMON_BLOCKS = YES;
				GCC_WARN_64_TO_32_BIT_CONVERSION = YES;
				GCC_WARN_ABOUT_RETURN_TYPE = YES_ERROR;
				GCC_WARN_UNDECLARED_SELECTOR = YES;
				GCC_WARN_UNINITIALIZED_AUTOS = YES_AGGRESSIVE;
				GCC_WARN_UNUSED_FUNCTION = YES;
				GCC_WARN_UNUSED_VARIABLE = YES;
				IPHONEOS_DEPLOYMENT_TARGET = 10.3;
				MTL_ENABLE_DEBUG_INFO = NO;
				SDKROOT = iphoneos;
				SWIFT_OPTIMIZATION_LEVEL = "-Owholemodule";
				VALIDATE_PRODUCT = YES;
			};
			name = Release;
		};
		595A7BFB1F55E4D8007B7AB8 /* Debug */ = {
			isa = XCBuildConfiguration;
			buildSettings = {
				ASSETCATALOG_COMPILER_APPICON_NAME = AppIcon;
				INFOPLIST_FILE = StretchMyHeader/Info.plist;
				LD_RUNPATH_SEARCH_PATHS = "$(inherited) @executable_path/Frameworks";
				PRODUCT_BUNDLE_IDENTIFIER = com.varninderrai.StretchMyHeader;
				PRODUCT_NAME = "$(TARGET_NAME)";
				SWIFT_VERSION = 3.0;
			};
			name = Debug;
		};
		595A7BFC1F55E4D8007B7AB8 /* Release */ = {
			isa = XCBuildConfiguration;
			buildSettings = {
				ASSETCATALOG_COMPILER_APPICON_NAME = AppIcon;
				INFOPLIST_FILE = StretchMyHeader/Info.plist;
				LD_RUNPATH_SEARCH_PATHS = "$(inherited) @executable_path/Frameworks";
				PRODUCT_BUNDLE_IDENTIFIER = com.varninderrai.StretchMyHeader;
				PRODUCT_NAME = "$(TARGET_NAME)";
				SWIFT_VERSION = 3.0;
			};
			name = Release;
		};
		595A7BFE1F55E4D8007B7AB8 /* Debug */ = {
			isa = XCBuildConfiguration;
			buildSettings = {
				ALWAYS_EMBED_SWIFT_STANDARD_LIBRARIES = YES;
				BUNDLE_LOADER = "$(TEST_HOST)";
				INFOPLIST_FILE = StretchMyHeaderTests/Info.plist;
				LD_RUNPATH_SEARCH_PATHS = "$(inherited) @executable_path/Frameworks @loader_path/Frameworks";
				PRODUCT_BUNDLE_IDENTIFIER = com.varninderrai.StretchMyHeaderTests;
				PRODUCT_NAME = "$(TARGET_NAME)";
				SWIFT_VERSION = 3.0;
				TEST_HOST = "$(BUILT_PRODUCTS_DIR)/StretchMyHeader.app/StretchMyHeader";
			};
			name = Debug;
		};
		595A7BFF1F55E4D8007B7AB8 /* Release */ = {
			isa = XCBuildConfiguration;
			buildSettings = {
				ALWAYS_EMBED_SWIFT_STANDARD_LIBRARIES = YES;
				BUNDLE_LOADER = "$(TEST_HOST)";
				INFOPLIST_FILE = StretchMyHeaderTests/Info.plist;
				LD_RUNPATH_SEARCH_PATHS = "$(inherited) @executable_path/Frameworks @loader_path/Frameworks";
				PRODUCT_BUNDLE_IDENTIFIER = com.varninderrai.StretchMyHeaderTests;
				PRODUCT_NAME = "$(TARGET_NAME)";
				SWIFT_VERSION = 3.0;
				TEST_HOST = "$(BUILT_PRODUCTS_DIR)/StretchMyHeader.app/StretchMyHeader";
			};
			name = Release;
		};
/* End XCBuildConfiguration section */

/* Begin XCConfigurationList section */
		595A7BD81F55E4D7007B7AB8 /* Build configuration list for PBXProject "StretchMyHeader" */ = {
			isa = XCConfigurationList;
			buildConfigurations = (
				595A7BF81F55E4D8007B7AB8 /* Debug */,
				595A7BF91F55E4D8007B7AB8 /* Release */,
			);
			defaultConfigurationIsVisible = 0;
			defaultConfigurationName = Release;
		};
		595A7BFA1F55E4D8007B7AB8 /* Build configuration list for PBXNativeTarget "StretchMyHeader" */ = {
			isa = XCConfigurationList;
			buildConfigurations = (
				595A7BFB1F55E4D8007B7AB8 /* Debug */,
				595A7BFC1F55E4D8007B7AB8 /* Release */,
			);
			defaultConfigurationIsVisible = 0;
		};
		595A7BFD1F55E4D8007B7AB8 /* Build configuration list for PBXNativeTarget "StretchMyHeaderTests" */ = {
			isa = XCConfigurationList;
			buildConfigurations = (
				595A7BFE1F55E4D8007B7AB8 /* Debug */,
				595A7BFF1F55E4D8007B7AB8 /* Release */,
			);
			defaultConfigurationIsVisible = 0;
		};
/* End XCConfigurationList section */
	};
	rootObject = 595A7BD51F55E4D7007B7AB8 /* Project object */;
}
